// !$*UTF8*$!
{
	archiveVersion = 1;
	classes = {
	};
	objectVersion = 77;
	objects = {

/* Begin PBXBuildFile section */
		EC54AD202F4BBE3000F437A4 /* Models.swift in Sources */ = {isa = PBXBuildFile; fileRef = EC54AD1F2F4BBE2700F437A4 /* Models.swift */; };
		EC54AD222F4BBE8E00F437A4 /* AppointmentsView.swift in Sources */ = {isa = PBXBuildFile; fileRef = EC54AD212F4BBE7A00F437A4 /* AppointmentsView.swift */; };
		EC54AD242F4BBEB200F437A4 /* AddAppointmentView.swift in Sources */ = {isa = PBXBuildFile; fileRef = EC54AD232F4BBEA600F437A4 /* AddAppointmentView.swift */; };
		EC54AD262F4BBED300F437A4 /* ExpensesView.swift in Sources */ = {isa = PBXBuildFile; fileRef = EC54AD252F4BBECB00F437A4 /* ExpensesView.swift */; };
		EC54AD282F4BBEED00F437A4 /* AddExpenseView.swift in Sources */ = {isa = PBXBuildFile; fileRef = EC54AD272F4BBEEB00F437A4 /* AddExpenseView.swift */; };
		EC54AD2A2F4BBF1900F437A4 /* DashboardView.swift in Sources */ = {isa = PBXBuildFile; fileRef = EC54AD292F4BBF0F00F437A4 /* DashboardView.swift */; };
		EC54AD2C2F4BC1E100F437A4 /* FinanceCalculator.swift in Sources */ = {isa = PBXBuildFile; fileRef = EC54AD2B2F4BC1D100F437A4 /* FinanceCalculator.swift */; };
		EC54AD3B2F4BC96F00F437A4 /* DateFilter.swift in Sources */ = {isa = PBXBuildFile; fileRef = EC54AD3A2F4BC96900F437A4 /* DateFilter.swift */; };
/* End PBXBuildFile section */

/* Begin PBXContainerItemProxy section */
		EC54AD352F4BC21400F437A4 /* PBXContainerItemProxy */ = {
			isa = PBXContainerItemProxy;
			containerPortal = EC54AD092F4BBDF100F437A4 /* Project object */;
			proxyType = 1;
			remoteGlobalIDString = EC54AD102F4BBDF100F437A4;
			remoteInfo = NailPay;
		};
/* End PBXContainerItemProxy section */

/* Begin PBXFileReference section */
		EC54AD112F4BBDF100F437A4 /* NailPay.app */ = {isa = PBXFileReference; explicitFileType = wrapper.application; includeInIndex = 0; path = NailPay.app; sourceTree = BUILT_PRODUCTS_DIR; };
		EC54AD1F2F4BBE2700F437A4 /* Models.swift */ = {isa = PBXFileReference; lastKnownFileType = sourcecode.swift; path = Models.swift; sourceTree = "<group>"; };
		EC54AD212F4BBE7A00F437A4 /* AppointmentsView.swift */ = {isa = PBXFileReference; lastKnownFileType = sourcecode.swift; path = AppointmentsView.swift; sourceTree = "<group>"; };
		EC54AD232F4BBEA600F437A4 /* AddAppointmentView.swift */ = {isa = PBXFileReference; lastKnownFileType = sourcecode.swift; path = AddAppointmentView.swift; sourceTree = "<group>"; };
		EC54AD252F4BBECB00F437A4 /* ExpensesView.swift */ = {isa = PBXFileReference; lastKnownFileType = sourcecode.swift; path = ExpensesView.swift; sourceTree = "<group>"; };
		EC54AD272F4BBEEB00F437A4 /* AddExpenseView.swift */ = {isa = PBXFileReference; lastKnownFileType = sourcecode.swift; path = AddExpenseView.swift; sourceTree = "<group>"; };
		EC54AD292F4BBF0F00F437A4 /* DashboardView.swift */ = {isa = PBXFileReference; lastKnownFileType = sourcecode.swift; path = DashboardView.swift; sourceTree = "<group>"; };
		EC54AD2B2F4BC1D100F437A4 /* FinanceCalculator.swift */ = {isa = PBXFileReference; lastKnownFileType = sourcecode.swift; path = FinanceCalculator.swift; sourceTree = "<group>"; };
		EC54AD312F4BC21400F437A4 /* NailPayTests.xctest */ = {isa = PBXFileReference; explicitFileType = wrapper.cfbundle; includeInIndex = 0; path = NailPayTests.xctest; sourceTree = BUILT_PRODUCTS_DIR; };
		EC54AD3A2F4BC96900F437A4 /* DateFilter.swift */ = {isa = PBXFileReference; lastKnownFileType = sourcecode.swift; path = DateFilter.swift; sourceTree = "<group>"; };
/* End PBXFileReference section */

/* Begin PBXFileSystemSynchronizedRootGroup section */
		EC54AD132F4BBDF100F437A4 /* NailPay */ = {
			isa = PBXFileSystemSynchronizedRootGroup;
			path = NailPay;
			sourceTree = "<group>";
		};
		EC54AD322F4BC21400F437A4 /* NailPayTests */ = {
			isa = PBXFileSystemSynchronizedRootGroup;
			path = NailPayTests;
			sourceTree = "<group>";
		};
/* End PBXFileSystemSynchronizedRootGroup section */

/* Begin PBXFrameworksBuildPhase section */
		EC54AD0E2F4BBDF100F437A4 /* Frameworks */ = {
			isa = PBXFrameworksBuildPhase;
			buildActionMask = 2147483647;
			files = (
			);
			runOnlyForDeploymentPostprocessing = 0;
		};
		EC54AD2E2F4BC21400F437A4 /* Frameworks */ = {
			isa = PBXFrameworksBuildPhase;
			buildActionMask = 2147483647;
			files = (
			);
			runOnlyForDeploymentPostprocessing = 0;
		};
/* End PBXFrameworksBuildPhase section */

/* Begin PBXGroup section */
		EC54AD082F4BBDF100F437A4 = {
			isa = PBXGroup;
			children = (
				EC54AD3A2F4BC96900F437A4 /* DateFilter.swift */,
				EC54AD2B2F4BC1D100F437A4 /* FinanceCalculator.swift */,
				EC54AD292F4BBF0F00F437A4 /* DashboardView.swift */,
				EC54AD272F4BBEEB00F437A4 /* AddExpenseView.swift */,
				EC54AD252F4BBECB00F437A4 /* ExpensesView.swift */,
				EC54AD232F4BBEA600F437A4 /* AddAppointmentView.swift */,
				EC54AD212F4BBE7A00F437A4 /* AppointmentsView.swift */,
				EC54AD1F2F4BBE2700F437A4 /* Models.swift */,
				EC54AD132F4BBDF100F437A4 /* NailPay */,
				EC54AD322F4BC21400F437A4 /* NailPayTests */,
				EC54AD122F4BBDF100F437A4 /* Products */,
			);
			sourceTree = "<group>";
		};
		EC54AD122F4BBDF100F437A4 /* Products */ = {
			isa = PBXGroup;
			children = (
				EC54AD112F4BBDF100F437A4 /* NailPay.app */,
				EC54AD312F4BC21400F437A4 /* NailPayTests.xctest */,
			);
			name = Products;
			sourceTree = "<group>";
		};
/* End PBXGroup section */

/* Begin PBXNativeTarget section */
		EC54AD102F4BBDF100F437A4 /* NailPay */ = {
			isa = PBXNativeTarget;
			buildConfigurationList = EC54AD1C2F4BBDF100F437A4 /* Build configuration list for PBXNativeTarget "NailPay" */;
			buildPhases = (
				EC54AD0D2F4BBDF100F437A4 /* Sources */,
				EC54AD0E2F4BBDF100F437A4 /* Frameworks */,
				EC54AD0F2F4BBDF100F437A4 /* Resources */,
			);
			buildRules = (
			);
			dependencies = (
			);
			fileSystemSynchronizedGroups = (
				EC54AD132F4BBDF100F437A4 /* NailPay */,
			);
			name = NailPay;
			packageProductDependencies = (
			);
			productName = NailPay;
			productReference = EC54AD112F4BBDF100F437A4 /* NailPay.app */;
			productType = "com.apple.product-type.application";
		};
		EC54AD302F4BC21400F437A4 /* NailPayTests */ = {
			isa = PBXNativeTarget;
			buildConfigurationList = EC54AD372F4BC21400F437A4 /* Build configuration list for PBXNativeTarget "NailPayTests" */;
			buildPhases = (
				EC54AD2D2F4BC21400F437A4 /* Sources */,
				EC54AD2E2F4BC21400F437A4 /* Frameworks */,
				EC54AD2F2F4BC21400F437A4 /* Resources */,
			);
			buildRules = (
			);
			dependencies = (
				EC54AD362F4BC21400F437A4 /* PBXTargetDependency */,
			);
			fileSystemSynchronizedGroups = (
				EC54AD322F4BC21400F437A4 /* NailPayTests */,
			);
			name = NailPayTests;
			packageProductDependencies = (
			);
			productName = NailPayTests;
			productReference = EC54AD312F4BC21400F437A4 /* NailPayTests.xctest */;
			productType = "com.apple.product-type.bundle.unit-test";
		};
/* End PBXNativeTarget section */

/* Begin PBXProject section */
		EC54AD092F4BBDF100F437A4 /* Project object */ = {
			isa = PBXProject;
			attributes = {
				BuildIndependentTargetsInParallel = 1;
				LastSwiftUpdateCheck = 2620;
				LastUpgradeCheck = 2620;
				TargetAttributes = {
					EC54AD102F4BBDF100F437A4 = {
						CreatedOnToolsVersion = 26.2;
					};
					EC54AD302F4BC21400F437A4 = {
						CreatedOnToolsVersion = 26.2;
						TestTargetID = EC54AD102F4BBDF100F437A4;
					};
				};
			};
			buildConfigurationList = EC54AD0C2F4BBDF100F437A4 /* Build configuration list for PBXProject "NailPay" */;
			developmentRegion = en;
			hasScannedForEncodings = 0;
			knownRegions = (
				en,
				Base,
			);
			mainGroup = EC54AD082F4BBDF100F437A4;
			minimizedProjectReferenceProxies = 1;
			preferredProjectObjectVersion = 77;
			productRefGroup = EC54AD122F4BBDF100F437A4 /* Products */;
			projectDirPath = "";
			projectRoot = "";
			targets = (
				EC54AD102F4BBDF100F437A4 /* NailPay */,
				EC54AD302F4BC21400F437A4 /* NailPayTests */,
			);
		};
/* End PBXProject section */

/* Begin PBXResourcesBuildPhase section */
		EC54AD0F2F4BBDF100F437A4 /* Resources */ = {
			isa = PBXResourcesBuildPhase;
			buildActionMask = 2147483647;
			files = (
			);
			runOnlyForDeploymentPostprocessing = 0;
		};
		EC54AD2F2F4BC21400F437A4 /* Resources */ = {
			isa = PBXResourcesBuildPhase;
			buildActionMask = 2147483647;
			files = (
			);
			runOnlyForDeploymentPostprocessing = 0;
		};
/* End PBXResourcesBuildPhase section */

/* Begin PBXSourcesBuildPhase section */
		EC54AD0D2F4BBDF100F437A4 /* Sources */ = {
			isa = PBXSourcesBuildPhase;
			buildActionMask = 2147483647;
			files = (
				EC54AD202F4BBE3000F437A4 /* Models.swift in Sources */,
				EC54AD3B2F4BC96F00F437A4 /* DateFilter.swift in Sources */,
				EC54AD2A2F4BBF1900F437A4 /* DashboardView.swift in Sources */,
				EC54AD262F4BBED300F437A4 /* ExpensesView.swift in Sources */,
				EC54AD282F4BBEED00F437A4 /* AddExpenseView.swift in Sources */,
				EC54AD2C2F4BC1E100F437A4 /* FinanceCalculator.swift in Sources */,
				EC54AD242F4BBEB200F437A4 /* AddAppointmentView.swift in Sources */,
				EC54AD222F4BBE8E00F437A4 /* AppointmentsView.swift in Sources */,
			);
			runOnlyForDeploymentPostprocessing = 0;
		};
		EC54AD2D2F4BC21400F437A4 /* Sources */ = {
			isa = PBXSourcesBuildPhase;
			buildActionMask = 2147483647;
			files = (
			);
			runOnlyForDeploymentPostprocessing = 0;
		};
/* End PBXSourcesBuildPhase section */

/* Begin PBXTargetDependency section */
		EC54AD362F4BC21400F437A4 /* PBXTargetDependency */ = {
			isa = PBXTargetDependency;
			target = EC54AD102F4BBDF100F437A4 /* NailPay */;
			targetProxy = EC54AD352F4BC21400F437A4 /* PBXContainerItemProxy */;
		};
/* End PBXTargetDependency section */

/* Begin XCBuildConfiguration section */
		EC54AD1A2F4BBDF100F437A4 /* Debug */ = {
			isa = XCBuildConfiguration;
			buildSettings = {
				ALWAYS_SEARCH_USER_PATHS = NO;
				ASSETCATALOG_COMPILER_GENERATE_SWIFT_ASSET_SYMBOL_EXTENSIONS = YES;
				CLANG_ANALYZER_NONNULL = YES;
				CLANG_ANALYZER_NUMBER_OBJECT_CONVERSION = YES_AGGRESSIVE;
				CLANG_CXX_LANGUAGE_STANDARD = "gnu++20";
				CLANG_ENABLE_MODULES = YES;
				CLANG_ENABLE_OBJC_ARC = YES;
				CLANG_ENABLE_OBJC_WEAK = YES;
				CLANG_WARN_BLOCK_CAPTURE_AUTORELEASING = YES;
				CLANG_WARN_BOOL_CONVERSION = YES;
				CLANG_WARN_COMMA = YES;
				CLANG_WARN_CONSTANT_CONVERSION = YES;
				CLANG_WARN_DEPRECATED_OBJC_IMPLEMENTATIONS = YES;
				CLANG_WARN_DIRECT_OBJC_ISA_USAGE = YES_ERROR;
				CLANG_WARN_DOCUMENTATION_COMMENTS = YES;
				CLANG_WARN_EMPTY_BODY = YES;
				CLANG_WARN_ENUM_CONVERSION = YES;
				CLANG_WARN_INFINITE_RECURSION = YES;
				CLANG_WARN_INT_CONVERSION = YES;
				CLANG_WARN_NON_LITERAL_NULL_CONVERSION = YES;
				CLANG_WARN_OBJC_IMPLICIT_RETAIN_SELF = YES;
				CLANG_WARN_OBJC_LITERAL_CONVERSION = YES;
				CLANG_WARN_OBJC_ROOT_CLASS = YES_ERROR;
				CLANG_WARN_QUOTED_INCLUDE_IN_FRAMEWORK_HEADER = YES;
				CLANG_WARN_RANGE_LOOP_ANALYSIS = YES;
				CLANG_WARN_STRICT_PROTOTYPES = YES;
				CLANG_WARN_SUSPICIOUS_MOVE = YES;
				CLANG_WARN_UNGUARDED_AVAILABILITY = YES_AGGRESSIVE;
				CLANG_WARN_UNREACHABLE_CODE = YES;
				CLANG_WARN__DUPLICATE_METHOD_MATCH = YES;
				COPY_PHASE_STRIP = NO;
				DEBUG_INFORMATION_FORMAT = dwarf;
				ENABLE_STRICT_OBJC_MSGSEND = YES;
				ENABLE_TESTABILITY = YES;
				ENABLE_USER_SCRIPT_SANDBOXING = YES;
				GCC_C_LANGUAGE_STANDARD = gnu17;
				GCC_DYNAMIC_NO_PIC = NO;
				GCC_NO_COMMON_BLOCKS = YES;
				GCC_OPTIMIZATION_LEVEL = 0;
				GCC_PREPROCESSOR_DEFINITIONS = (
					"DEBUG=1",
					"$(inherited)",
				);
				GCC_WARN_64_TO_32_BIT_CONVERSION = YES;
				GCC_WARN_ABOUT_RETURN_TYPE = YES_ERROR;
				GCC_WARN_UNDECLARED_SELECTOR = YES;
				GCC_WARN_UNINITIALIZED_AUTOS = YES_AGGRESSIVE;
				GCC_WARN_UNUSED_FUNCTION = YES;
				GCC_WARN_UNUSED_VARIABLE = YES;
				IPHONEOS_DEPLOYMENT_TARGET = 26.2;
				LOCALIZATION_PREFERS_STRING_CATALOGS = YES;
				MTL_ENABLE_DEBUG_INFO = INCLUDE_SOURCE;
				MTL_FAST_MATH = YES;
				ONLY_ACTIVE_ARCH = YES;
				SDKROOT = iphoneos;
				SWIFT_ACTIVE_COMPILATION_CONDITIONS = "DEBUG $(inherited)";
				SWIFT_OPTIMIZATION_LEVEL = "-Onone";
			};
			name = Debug;
		};
		EC54AD1B2F4BBDF100F437A4 /* Release */ = {
			isa = XCBuildConfiguration;
			buildSettings = {
				ALWAYS_SEARCH_USER_PATHS = NO;
				ASSETCATALOG_COMPILER_GENERATE_SWIFT_ASSET_SYMBOL_EXTENSIONS = YES;
				CLANG_ANALYZER_NONNULL = YES;
				CLANG_ANALYZER_NUMBER_OBJECT_CONVERSION = YES_AGGRESSIVE;
				CLANG_CXX_LANGUAGE_STANDARD = "gnu++20";
				CLANG_ENABLE_MODULES = YES;
				CLANG_ENABLE_OBJC_ARC = YES;
				CLANG_ENABLE_OBJC_WEAK = YES;
				CLANG_WARN_BLOCK_CAPTURE_AUTORELEASING = YES;
				CLANG_WARN_BOOL_CONVERSION = YES;
				CLANG_WARN_COMMA = YES;
				CLANG_WARN_CONSTANT_CONVERSION = YES;
				CLANG_WARN_DEPRECATED_OBJC_IMPLEMENTATIONS = YES;
				CLANG_WARN_DIRECT_OBJC_ISA_USAGE = YES_ERROR;
				CLANG_WARN_DOCUMENTATION_COMMENTS = YES;
				CLANG_WARN_EMPTY_BODY = YES;
				CLANG_WARN_ENUM_CONVERSION = YES;
				CLANG_WARN_INFINITE_RECURSION = YES;
				CLANG_WARN_INT_CONVERSION = YES;
				CLANG_WARN_NON_LITERAL_NULL_CONVERSION = YES;
				CLANG_WARN_OBJC_IMPLICIT_RETAIN_SELF = YES;
				CLANG_WARN_OBJC_LITERAL_CONVERSION = YES;
				CLANG_WARN_OBJC_ROOT_CLASS = YES_ERROR;
				CLANG_WARN_QUOTED_INCLUDE_IN_FRAMEWORK_HEADER = YES;
				CLANG_WARN_RANGE_LOOP_ANALYSIS = YES;
				CLANG_WARN_STRICT_PROTOTYPES = YES;
				CLANG_WARN_SUSPICIOUS_MOVE = YES;
				CLANG_WARN_UNGUARDED_AVAILABILITY = YES_AGGRESSIVE;
				CLANG_WARN_UNREACHABLE_CODE = YES;
				CLANG_WARN__DUPLICATE_METHOD_MATCH = YES;
				COPY_PHASE_STRIP = NO;
				DEBUG_INFORMATION_FORMAT = "dwarf-with-dsym";
				ENABLE_NS_ASSERTIONS = NO;
				ENABLE_STRICT_OBJC_MSGSEND = YES;
				ENABLE_USER_SCRIPT_SANDBOXING = YES;
				GCC_C_LANGUAGE_STANDARD = gnu17;
				GCC_NO_COMMON_BLOCKS = YES;
				GCC_WARN_64_TO_32_BIT_CONVERSION = YES;
				GCC_WARN_ABOUT_RETURN_TYPE = YES_ERROR;
				GCC_WARN_UNDECLARED_SELECTOR = YES;
				GCC_WARN_UNINITIALIZED_AUTOS = YES_AGGRESSIVE;
				GCC_WARN_UNUSED_FUNCTION = YES;
				GCC_WARN_UNUSED_VARIABLE = YES;
				IPHONEOS_DEPLOYMENT_TARGET = 26.2;
				LOCALIZATION_PREFERS_STRING_CATALOGS = YES;
				MTL_ENABLE_DEBUG_INFO = NO;
				MTL_FAST_MATH = YES;
				SDKROOT = iphoneos;
				SWIFT_COMPILATION_MODE = wholemodule;
				VALIDATE_PRODUCT = YES;
			};
			name = Release;
		};
		EC54AD1D2F4BBDF100F437A4 /* Debug */ = {
			isa = XCBuildConfiguration;
			buildSettings = {
				ASSETCATALOG_COMPILER_APPICON_NAME = AppIcon;
				ASSETCATALOG_COMPILER_GLOBAL_ACCENT_COLOR_NAME = AccentColor;
				CODE_SIGN_STYLE = Automatic;
				CURRENT_PROJECT_VERSION = 1;
				ENABLE_PREVIEWS = YES;
				GENERATE_INFOPLIST_FILE = YES;
				INFOPLIST_KEY_UIApplicationSceneManifest_Generation = YES;
				INFOPLIST_KEY_UIApplicationSupportsIndirectInputEvents = YES;
				INFOPLIST_KEY_UILaunchScreen_Generation = YES;
				INFOPLIST_KEY_UISupportedInterfaceOrientations_iPad = "UIInterfaceOrientationPortrait UIInterfaceOrientationPortraitUpsideDown UIInterfaceOrientationLandscapeLeft UIInterfaceOrientationLandscapeRight";
				INFOPLIST_KEY_UISupportedInterfaceOrientations_iPhone = "UIInterfaceOrientationPortrait UIInterfaceOrientationLandscapeLeft UIInterfaceOrientationLandscapeRight";
				LD_RUNPATH_SEARCH_PATHS = (
					"$(inherited)",
					"@executable_path/Frameworks",
				);
				MARKETING_VERSION = 1.0;
				PRODUCT_BUNDLE_IDENTIFIER = jared.NailPay;
				PRODUCT_NAME = "$(TARGET_NAME)";
				STRING_CATALOG_GENERATE_SYMBOLS = YES;
				SWIFT_APPROACHABLE_CONCURRENCY = YES;
				SWIFT_DEFAULT_ACTOR_ISOLATION = MainActor;
				SWIFT_EMIT_LOC_STRINGS = YES;
				SWIFT_UPCOMING_FEATURE_MEMBER_IMPORT_VISIBILITY = YES;
				SWIFT_VERSION = 5.0;
				TARGETED_DEVICE_FAMILY = "1,2";
			};
			name = Debug;
		};
		EC54AD1E2F4BBDF100F437A4 /* Release */ = {
			isa = XCBuildConfiguration;
			buildSettings = {
				ASSETCATALOG_COMPILER_APPICON_NAME = AppIcon;
				ASSETCATALOG_COMPILER_GLOBAL_ACCENT_COLOR_NAME = AccentColor;
				CODE_SIGN_STYLE = Automatic;
				CURRENT_PROJECT_VERSION = 1;
				ENABLE_PREVIEWS = YES;
				GENERATE_INFOPLIST_FILE = YES;
				INFOPLIST_KEY_UIApplicationSceneManifest_Generation = YES;
				INFOPLIST_KEY_UIApplicationSupportsIndirectInputEvents = YES;
				INFOPLIST_KEY_UILaunchScreen_Generation = YES;
				INFOPLIST_KEY_UISupportedInterfaceOrientations_iPad = "UIInterfaceOrientationPortrait UIInterfaceOrientationPortraitUpsideDown UIInterfaceOrientationLandscapeLeft UIInterfaceOrientationLandscapeRight";
				INFOPLIST_KEY_UISupportedInterfaceOrientations_iPhone = "UIInterfaceOrientationPortrait UIInterfaceOrientationLandscapeLeft UIInterfaceOrientationLandscapeRight";
				LD_RUNPATH_SEARCH_PATHS = (
					"$(inherited)",
					"@executable_path/Frameworks",
				);
				MARKETING_VERSION = 1.0;
				PRODUCT_BUNDLE_IDENTIFIER = jared.NailPay;
				PRODUCT_NAME = "$(TARGET_NAME)";
				STRING_CATALOG_GENERATE_SYMBOLS = YES;
				SWIFT_APPROACHABLE_CONCURRENCY = YES;
				SWIFT_DEFAULT_ACTOR_ISOLATION = MainActor;
				SWIFT_EMIT_LOC_STRINGS = YES;
				SWIFT_UPCOMING_FEATURE_MEMBER_IMPORT_VISIBILITY = YES;
				SWIFT_VERSION = 5.0;
				TARGETED_DEVICE_FAMILY = "1,2";
			};
			name = Release;
		};
		EC54AD382F4BC21400F437A4 /* Debug */ = {
			isa = XCBuildConfiguration;
			buildSettings = {
				BUNDLE_LOADER = "$(TEST_HOST)";
				CODE_SIGN_STYLE = Automatic;
				CURRENT_PROJECT_VERSION = 1;
				GENERATE_INFOPLIST_FILE = YES;
				MARKETING_VERSION = 1.0;
				PRODUCT_BUNDLE_IDENTIFIER = jared.NailPayTests;
				PRODUCT_NAME = "$(TARGET_NAME)";
				STRING_CATALOG_GENERATE_SYMBOLS = NO;
				SWIFT_APPROACHABLE_CONCURRENCY = YES;
				SWIFT_EMIT_LOC_STRINGS = NO;
				SWIFT_UPCOMING_FEATURE_MEMBER_IMPORT_VISIBILITY = YES;
				SWIFT_VERSION = 5.0;
				TARGETED_DEVICE_FAMILY = "1,2";
				TEST_HOST = "$(BUILT_PRODUCTS_DIR)/NailPay.app/$(BUNDLE_EXECUTABLE_FOLDER_PATH)/NailPay";
			};
			name = Debug;
		};
		EC54AD392F4BC21400F437A4 /* Release */ = {
			isa = XCBuildConfiguration;
			buildSettings = {
				BUNDLE_LOADER = "$(TEST_HOST)";
				CODE_SIGN_STYLE = Automatic;
				CURRENT_PROJECT_VERSION = 1;
				GENERATE_INFOPLIST_FILE = YES;
				MARKETING_VERSION = 1.0;
				PRODUCT_BUNDLE_IDENTIFIER = jared.NailPayTests;
				PRODUCT_NAME = "$(TARGET_NAME)";
				STRING_CATALOG_GENERATE_SYMBOLS = NO;
				SWIFT_APPROACHABLE_CONCURRENCY = YES;
				SWIFT_EMIT_LOC_STRINGS = NO;
				SWIFT_UPCOMING_FEATURE_MEMBER_IMPORT_VISIBILITY = YES;
				SWIFT_VERSION = 5.0;
				TARGETED_DEVICE_FAMILY = "1,2";
				TEST_HOST = "$(BUILT_PRODUCTS_DIR)/NailPay.app/$(BUNDLE_EXECUTABLE_FOLDER_PATH)/NailPay";
			};
			name = Release;
		};
/* End XCBuildConfiguration section */

/* Begin XCConfigurationList section */
		EC54AD0C2F4BBDF100F437A4 /* Build configuration list for PBXProject "NailPay" */ = {
			isa = XCConfigurationList;
			buildConfigurations = (
				EC54AD1A2F4BBDF100F437A4 /* Debug */,
				EC54AD1B2F4BBDF100F437A4 /* Release */,
			);
			defaultConfigurationIsVisible = 0;
			defaultConfigurationName = Release;
		};
		EC54AD1C2F4BBDF100F437A4 /* Build configuration list for PBXNativeTarget "NailPay" */ = {
			isa = XCConfigurationList;
			buildConfigurations = (
				EC54AD1D2F4BBDF100F437A4 /* Debug */,
				EC54AD1E2F4BBDF100F437A4 /* Release */,
			);
			defaultConfigurationIsVisible = 0;
			defaultConfigurationName = Release;
		};
		EC54AD372F4BC21400F437A4 /* Build configuration list for PBXNativeTarget "NailPayTests" */ = {
			isa = XCConfigurationList;
			buildConfigurations = (
				EC54AD382F4BC21400F437A4 /* Debug */,
				EC54AD392F4BC21400F437A4 /* Release */,
			);
			defaultConfigurationIsVisible = 0;
			defaultConfigurationName = Release;
		};
/* End XCConfigurationList section */
	};
	rootObject = EC54AD092F4BBDF100F437A4 /* Project object */;
}
